
Microsoft Visual Studio Solution File, Format Version 12.00
# Visual Studio Version 17
VisualStudioVersion = 17.12.35506.116 d17.12
MinimumVisualStudioVersion = 10.0.40219.1
Project("{FAE04EC0-301F-11D3-BF4B-00C04F79EFBC}") = "C#_Lists", "C#_Lists\C#_Lists.csproj", "{B86F6F02-DF0A-4F70-BE3B-8D8316EE5A68}"
EndProject
Project("{FAE04EC0-301F-11D3-BF4B-00C04F79EFBC}") = "Sorting", "Sorting\Sorting.csproj", "{D6546380-BA0C-45C8-98C2-68AD554C6AC5}"
EndProject
Project("{FAE04EC0-301F-11D3-BF4B-00C04F79EFBC}") = "Calculator", "Calculator\Calculator.csproj", "{18520AA2-2B1A-4C92-B700-A15DFE63FD01}"
EndProject
Project("{FAE04EC0-301F-11D3-BF4B-00C04F79EFBC}") = "ListsApp", "ListsApp\ListsApp.csproj", "{1056C4CC-3D77-4779-A838-E05A6D7BD569}"
EndProject
Project("{FAE04EC0-301F-11D3-BF4B-00C04F79EFBC}") = "ArrayLists", "ArrayLists\ArrayLists.csproj", "{977DBC57-40FD-40DB-B847-FA079A30AB5C}"
EndProject
Project("{FAE04EC0-301F-11D3-BF4B-00C04F79EFBC}") = "HashTables_and_Dictionaries", "HashTables_and_Dictionaries\HashTables_and_Dictionaries.csproj", "{F9A23E23-0AEE-4F0A-B90D-FC121467031C}"
EndProject
Project("{FAE04EC0-301F-11D3-BF4B-00C04F79EFBC}") = "nullables", "nullables\nullables.csproj", "{D16C5D06-311E-42EC-A894-FE4BBB0C6AFF}"
EndProject
Project("{FAE04EC0-301F-11D3-BF4B-00C04F79EFBC}") = "Dictionaries", "Dictionaries\Dictionaries.csproj", "{02349072-1F74-42A0-B90C-EC965315BF90}"
EndProject
Global
	GlobalSection(SolutionConfigurationPlatforms) = preSolution
		Debug|Any CPU = Debug|Any CPU
		Release|Any CPU = Release|Any CPU
	EndGlobalSection
	GlobalSection(ProjectConfigurationPlatforms) = postSolution
		{B86F6F02-DF0A-4F70-BE3B-8D8316EE5A68}.Debug|Any CPU.ActiveCfg = Debug|Any CPU
		{B86F6F02-DF0A-4F70-BE3B-8D8316EE5A68}.Debug|Any CPU.Build.0 = Debug|Any CPU
		{B86F6F02-DF0A-4F70-BE3B-8D8316EE5A68}.Release|Any CPU.ActiveCfg = Release|Any CPU
		{B86F6F02-DF0A-4F70-BE3B-8D8316EE5A68}.Release|Any CPU.Build.0 = Release|Any CPU
		{D6546380-BA0C-45C8-98C2-68AD554C6AC5}.Debug|Any CPU.ActiveCfg = Debug|Any CPU
		{D6546380-BA0C-45C8-98C2-68AD554C6AC5}.Debug|Any CPU.Build.0 = Debug|Any CPU
		{D6546380-BA0C-45C8-98C2-68AD554C6AC5}.Release|Any CPU.ActiveCfg = Release|Any CPU
		{D6546380-BA0C-45C8-98C2-68AD554C6AC5}.Release|Any CPU.Build.0 = Release|Any CPU
		{18520AA2-2B1A-4C92-B700-A15DFE63FD01}.Debug|Any CPU.ActiveCfg = Debug|Any CPU
		{18520AA2-2B1A-4C92-B700-A15DFE63FD01}.Debug|Any CPU.Build.0 = Debug|Any CPU
		{18520AA2-2B1A-4C92-B700-A15DFE63FD01}.Release|Any CPU.ActiveCfg = Release|Any CPU
		{18520AA2-2B1A-4C92-B700-A15DFE63FD01}.Release|Any CPU.Build.0 = Release|Any CPU
		{1056C4CC-3D77-4779-A838-E05A6D7BD569}.Debug|Any CPU.ActiveCfg = Debug|Any CPU
		{1056C4CC-3D77-4779-A838-E05A6D7BD569}.Debug|Any CPU.Build.0 = Debug|Any CPU
		{1056C4CC-3D77-4779-A838-E05A6D7BD569}.Release|Any CPU.ActiveCfg = Release|Any CPU
		{1056C4CC-3D77-4779-A838-E05A6D7BD569}.Release|Any CPU.Build.0 = Release|Any CPU
		{977DBC57-40FD-40DB-B847-FA079A30AB5C}.Debug|Any CPU.ActiveCfg = Debug|Any CPU
		{977DBC57-40FD-40DB-B847-FA079A30AB5C}.Debug|Any CPU.Build.0 = Debug|Any CPU
		{977DBC57-40FD-40DB-B847-FA079A30AB5C}.Release|Any CPU.ActiveCfg = Release|Any CPU
		{977DBC57-40FD-40DB-B847-FA079A30AB5C}.Release|Any CPU.Build.0 = Release|Any CPU
		{F9A23E23-0AEE-4F0A-B90D-FC121467031C}.Debug|Any CPU.ActiveCfg = Debug|Any CPU
		{F9A23E23-0AEE-4F0A-B90D-FC121467031C}.Debug|Any CPU.Build.0 = Debug|Any CPU
		{F9A23E23-0AEE-4F0A-B90D-FC121467031C}.Release|Any CPU.ActiveCfg = Release|Any CPU
		{F9A23E23-0AEE-4F0A-B90D-FC121467031C}.Release|Any CPU.Build.0 = Release|Any CPU
		{D16C5D06-311E-42EC-A894-FE4BBB0C6AFF}.Debug|Any CPU.ActiveCfg = Debug|Any CPU
		{D16C5D06-311E-42EC-A894-FE4BBB0C6AFF}.Debug|Any CPU.Build.0 = Debug|Any CPU
		{D16C5D06-311E-42EC-A894-FE4BBB0C6AFF}.Release|Any CPU.ActiveCfg = Release|Any CPU
		{D16C5D06-311E-42EC-A894-FE4BBB0C6AFF}.Release|Any CPU.Build.0 = Release|Any CPU
		{02349072-1F74-42A0-B90C-EC965315BF90}.Debug|Any CPU.ActiveCfg = Debug|Any CPU
		{02349072-1F74-42A0-B90C-EC965315BF90}.Debug|Any CPU.Build.0 = Debug|Any CPU
		{02349072-1F74-42A0-B90C-EC965315BF90}.Release|Any CPU.ActiveCfg = Release|Any CPU
		{02349072-1F74-42A0-B90C-EC965315BF90}.Release|Any CPU.Build.0 = Release|Any CPU
	EndGlobalSection
	GlobalSection(SolutionProperties) = preSolution
		HideSolutionNode = FALSE
	EndGlobalSection
EndGlobal
